
Microsoft Visual Studio Solution File, Format Version 12.00
# Visual Studio Version 16
VisualStudioVersion = 16.0.30804.86
MinimumVisualStudioVersion = 10.0.40219.1
Project("{FAE04EC0-301F-11D3-BF4B-00C04F79EFBC}") = "00_hello_world", "00_hello_world\00_hello_world.csproj", "{4EDDB112-127A-42C3-81BE-5BA16151E67F}"
EndProject
Project("{FAE04EC0-301F-11D3-BF4B-00C04F79EFBC}") = "01_login", "01_login\01_login.csproj", "{E275B25F-D5C2-495C-9B6E-9B90C3617E98}"
EndProject
Project("{FAE04EC0-301F-11D3-BF4B-00C04F79EFBC}") = "02_outgoing_call", "02_outgoing_call\02_outgoing_call.csproj", "{63E0D306-E3A3-49A2-8CD6-ADF2A91127BA}"
EndProject
Project("{FAE04EC0-301F-11D3-BF4B-00C04F79EFBC}") = "03_incoming_call", "03_incoming_call\03_incoming_call.csproj", "{8C3B09A6-CD10-4F83-8EF1-6BF2002C6339}"
EndProject
Global
	GlobalSection(SolutionConfigurationPlatforms) = preSolution
		Debug|ARM = Debug|ARM
		Debug|ARM64 = Debug|ARM64
		Debug|x64 = Debug|x64
		Debug|x86 = Debug|x86
		Release|ARM = Release|ARM
		Release|ARM64 = Release|ARM64
		Release|x64 = Release|x64
		Release|x86 = Release|x86
	EndGlobalSection
	GlobalSection(ProjectConfigurationPlatforms) = postSolution
		{4EDDB112-127A-42C3-81BE-5BA16151E67F}.Debug|ARM.ActiveCfg = Debug|ARM
		{4EDDB112-127A-42C3-81BE-5BA16151E67F}.Debug|ARM.Build.0 = Debug|ARM
		{4EDDB112-127A-42C3-81BE-5BA16151E67F}.Debug|ARM.Deploy.0 = Debug|ARM
		{4EDDB112-127A-42C3-81BE-5BA16151E67F}.Debug|ARM64.ActiveCfg = Debug|ARM64
		{4EDDB112-127A-42C3-81BE-5BA16151E67F}.Debug|ARM64.Build.0 = Debug|ARM64
		{4EDDB112-127A-42C3-81BE-5BA16151E67F}.Debug|ARM64.Deploy.0 = Debug|ARM64
		{4EDDB112-127A-42C3-81BE-5BA16151E67F}.Debug|x64.ActiveCfg = Debug|x64
		{4EDDB112-127A-42C3-81BE-5BA16151E67F}.Debug|x64.Build.0 = Debug|x64
		{4EDDB112-127A-42C3-81BE-5BA16151E67F}.Debug|x64.Deploy.0 = Debug|x64
		{4EDDB112-127A-42C3-81BE-5BA16151E67F}.Debug|x86.ActiveCfg = Debug|x86
		{4EDDB112-127A-42C3-81BE-5BA16151E67F}.Debug|x86.Build.0 = Debug|x86
		{4EDDB112-127A-42C3-81BE-5BA16151E67F}.Debug|x86.Deploy.0 = Debug|x86
		{4EDDB112-127A-42C3-81BE-5BA16151E67F}.Release|ARM.ActiveCfg = Release|ARM
		{4EDDB112-127A-42C3-81BE-5BA16151E67F}.Release|ARM.Build.0 = Release|ARM
		{4EDDB112-127A-42C3-81BE-5BA16151E67F}.Release|ARM.Deploy.0 = Release|ARM
		{4EDDB112-127A-42C3-81BE-5BA16151E67F}.Release|ARM64.ActiveCfg = Release|ARM64
		{4EDDB112-127A-42C3-81BE-5BA16151E67F}.Release|ARM64.Build.0 = Release|ARM64
		{4EDDB112-127A-42C3-81BE-5BA16151E67F}.Release|ARM64.Deploy.0 = Release|ARM64
		{4EDDB112-127A-42C3-81BE-5BA16151E67F}.Release|x64.ActiveCfg = Release|x64
		{4EDDB112-127A-42C3-81BE-5BA16151E67F}.Release|x64.Build.0 = Release|x64
		{4EDDB112-127A-42C3-81BE-5BA16151E67F}.Release|x64.Deploy.0 = Release|x64
		{4EDDB112-127A-42C3-81BE-5BA16151E67F}.Release|x86.ActiveCfg = Release|x86
		{4EDDB112-127A-42C3-81BE-5BA16151E67F}.Release|x86.Build.0 = Release|x86
		{4EDDB112-127A-42C3-81BE-5BA16151E67F}.Release|x86.Deploy.0 = Release|x86
		{E275B25F-D5C2-495C-9B6E-9B90C3617E98}.Debug|ARM.ActiveCfg = Debug|ARM
		{E275B25F-D5C2-495C-9B6E-9B90C3617E98}.Debug|ARM.Build.0 = Debug|ARM
		{E275B25F-D5C2-495C-9B6E-9B90C3617E98}.Debug|ARM.Deploy.0 = Debug|ARM
		{E275B25F-D5C2-495C-9B6E-9B90C3617E98}.Debug|ARM64.ActiveCfg = Debug|ARM64
		{E275B25F-D5C2-495C-9B6E-9B90C3617E98}.Debug|ARM64.Build.0 = Debug|ARM64
		{E275B25F-D5C2-495C-9B6E-9B90C3617E98}.Debug|ARM64.Deploy.0 = Debug|ARM64
		{E275B25F-D5C2-495C-9B6E-9B90C3617E98}.Debug|x64.ActiveCfg = Debug|x64
		{E275B25F-D5C2-495C-9B6E-9B90C3617E98}.Debug|x64.Build.0 = Debug|x64
		{E275B25F-D5C2-495C-9B6E-9B90C3617E98}.Debug|x64.Deploy.0 = Debug|x64
		{E275B25F-D5C2-495C-9B6E-9B90C3617E98}.Debug|x86.ActiveCfg = Debug|x86
		{E275B25F-D5C2-495C-9B6E-9B90C3617E98}.Debug|x86.Build.0 = Debug|x86
		{E275B25F-D5C2-495C-9B6E-9B90C3617E98}.Debug|x86.Deploy.0 = Debug|x86
		{E275B25F-D5C2-495C-9B6E-9B90C3617E98}.Release|ARM.ActiveCfg = Release|ARM
		{E275B25F-D5C2-495C-9B6E-9B90C3617E98}.Release|ARM.Build.0 = Release|ARM
		{E275B25F-D5C2-495C-9B6E-9B90C3617E98}.Release|ARM.Deploy.0 = Release|ARM
		{E275B25F-D5C2-495C-9B6E-9B90C3617E98}.Release|ARM64.ActiveCfg = Release|ARM64
		{E275B25F-D5C2-495C-9B6E-9B90C3617E98}.Release|ARM64.Build.0 = Release|ARM64
		{E275B25F-D5C2-495C-9B6E-9B90C3617E98}.Release|ARM64.Deploy.0 = Release|ARM64
		{E275B25F-D5C2-495C-9B6E-9B90C3617E98}.Release|x64.ActiveCfg = Release|x64
		{E275B25F-D5C2-495C-9B6E-9B90C3617E98}.Release|x64.Build.0 = Release|x64
		{E275B25F-D5C2-495C-9B6E-9B90C3617E98}.Release|x64.Deploy.0 = Release|x64
		{E275B25F-D5C2-495C-9B6E-9B90C3617E98}.Release|x86.ActiveCfg = Release|x86
		{E275B25F-D5C2-495C-9B6E-9B90C3617E98}.Release|x86.Build.0 = Release|x86
		{E275B25F-D5C2-495C-9B6E-9B90C3617E98}.Release|x86.Deploy.0 = Release|x86
		{63E0D306-E3A3-49A2-8CD6-ADF2A91127BA}.Debug|ARM.ActiveCfg = Debug|ARM
		{63E0D306-E3A3-49A2-8CD6-ADF2A91127BA}.Debug|ARM.Build.0 = Debug|ARM
		{63E0D306-E3A3-49A2-8CD6-ADF2A91127BA}.Debug|ARM.Deploy.0 = Debug|ARM
		{63E0D306-E3A3-49A2-8CD6-ADF2A91127BA}.Debug|ARM64.ActiveCfg = Debug|ARM64
		{63E0D306-E3A3-49A2-8CD6-ADF2A91127BA}.Debug|ARM64.Build.0 = Debug|ARM64
		{63E0D306-E3A3-49A2-8CD6-ADF2A91127BA}.Debug|ARM64.Deploy.0 = Debug|ARM64
		{63E0D306-E3A3-49A2-8CD6-ADF2A91127BA}.Debug|x64.ActiveCfg = Debug|x64
		{63E0D306-E3A3-49A2-8CD6-ADF2A91127BA}.Debug|x64.Build.0 = Debug|x64
		{63E0D306-E3A3-49A2-8CD6-ADF2A91127BA}.Debug|x64.Deploy.0 = Debug|x64
		{63E0D306-E3A3-49A2-8CD6-ADF2A91127BA}.Debug|x86.ActiveCfg = Debug|x86
		{63E0D306-E3A3-49A2-8CD6-ADF2A91127BA}.Debug|x86.Build.0 = Debug|x86
		{63E0D306-E3A3-49A2-8CD6-ADF2A91127BA}.Debug|x86.Deploy.0 = Debug|x86
		{63E0D306-E3A3-49A2-8CD6-ADF2A91127BA}.Release|ARM.ActiveCfg = Release|ARM
		{63E0D306-E3A3-49A2-8CD6-ADF2A91127BA}.Release|ARM.Build.0 = Release|ARM
		{63E0D306-E3A3-49A2-8CD6-ADF2A91127BA}.Release|ARM.Deploy.0 = Release|ARM
		{63E0D306-E3A3-49A2-8CD6-ADF2A91127BA}.Release|ARM64.ActiveCfg = Release|ARM64
		{63E0D306-E3A3-49A2-8CD6-ADF2A91127BA}.Release|ARM64.Build.0 = Release|ARM64
		{63E0D306-E3A3-49A2-8CD6-ADF2A91127BA}.Release|ARM64.Deploy.0 = Release|ARM64
		{63E0D306-E3A3-49A2-8CD6-ADF2A91127BA}.Release|x64.ActiveCfg = Release|x64
		{63E0D306-E3A3-49A2-8CD6-ADF2A91127BA}.Release|x64.Build.0 = Release|x64
		{63E0D306-E3A3-49A2-8CD6-ADF2A91127BA}.Release|x64.Deploy.0 = Release|x64
		{63E0D306-E3A3-49A2-8CD6-ADF2A91127BA}.Release|x86.ActiveCfg = Release|x86
		{63E0D306-E3A3-49A2-8CD6-ADF2A91127BA}.Release|x86.Build.0 = Release|x86
		{63E0D306-E3A3-49A2-8CD6-ADF2A91127BA}.Release|x86.Deploy.0 = Release|x86
		{8C3B09A6-CD10-4F83-8EF1-6BF2002C6339}.Debug|ARM.ActiveCfg = Debug|ARM
		{8C3B09A6-CD10-4F83-8EF1-6BF2002C6339}.Debug|ARM.Build.0 = Debug|ARM
		{8C3B09A6-CD10-4F83-8EF1-6BF2002C6339}.Debug|ARM.Deploy.0 = Debug|ARM
		{8C3B09A6-CD10-4F83-8EF1-6BF2002C6339}.Debug|ARM64.ActiveCfg = Debug|ARM64
		{8C3B09A6-CD10-4F83-8EF1-6BF2002C6339}.Debug|ARM64.Build.0 = Debug|ARM64
		{8C3B09A6-CD10-4F83-8EF1-6BF2002C6339}.Debug|ARM64.Deploy.0 = Debug|ARM64
		{8C3B09A6-CD10-4F83-8EF1-6BF2002C6339}.Debug|x64.ActiveCfg = Debug|x64
		{8C3B09A6-CD10-4F83-8EF1-6BF2002C6339}.Debug|x64.Build.0 = Debug|x64
		{8C3B09A6-CD10-4F83-8EF1-6BF2002C6339}.Debug|x64.Deploy.0 = Debug|x64
		{8C3B09A6-CD10-4F83-8EF1-6BF2002C6339}.Debug|x86.ActiveCfg = Debug|x86
		{8C3B09A6-CD10-4F83-8EF1-6BF2002C6339}.Debug|x86.Build.0 = Debug|x86
		{8C3B09A6-CD10-4F83-8EF1-6BF2002C6339}.Debug|x86.Deploy.0 = Debug|x86
		{8C3B09A6-CD10-4F83-8EF1-6BF2002C6339}.Release|ARM.ActiveCfg = Release|ARM
		{8C3B09A6-CD10-4F83-8EF1-6BF2002C6339}.Release|ARM.Build.0 = Release|ARM
		{8C3B09A6-CD10-4F83-8EF1-6BF2002C6339}.Release|ARM.Deploy.0 = Release|ARM
		{8C3B09A6-CD10-4F83-8EF1-6BF2002C6339}.Release|ARM64.ActiveCfg = Release|ARM64
		{8C3B09A6-CD10-4F83-8EF1-6BF2002C6339}.Release|ARM64.Build.0 = Release|ARM64
		{8C3B09A6-CD10-4F83-8EF1-6BF2002C6339}.Release|ARM64.Deploy.0 = Release|ARM64
		{8C3B09A6-CD10-4F83-8EF1-6BF2002C6339}.Release|x64.ActiveCfg = Release|x64
		{8C3B09A6-CD10-4F83-8EF1-6BF2002C6339}.Release|x64.Build.0 = Release|x64
		{8C3B09A6-CD10-4F83-8EF1-6BF2002C6339}.Release|x64.Deploy.0 = Release|x64
		{8C3B09A6-CD10-4F83-8EF1-6BF2002C6339}.Release|x86.ActiveCfg = Release|x86
		{8C3B09A6-CD10-4F83-8EF1-6BF2002C6339}.Release|x86.Build.0 = Release|x86
		{8C3B09A6-CD10-4F83-8EF1-6BF2002C6339}.Release|x86.Deploy.0 = Release|x86
	EndGlobalSection
	GlobalSection(SolutionProperties) = preSolution
		HideSolutionNode = FALSE
	EndGlobalSection
	GlobalSection(ExtensibilityGlobals) = postSolution
		SolutionGuid = {C6C912AD-1E23-48B5-AE70-D12A292C5124}
	EndGlobalSection
EndGlobal
