
Microsoft Visual Studio Solution File, Format Version 12.00
# Visual Studio Version 16
VisualStudioVersion = 16.0.30804.86
MinimumVisualStudioVersion = 10.0.40219.1
Project("{FAE04EC0-301F-11D3-BF4B-00C04F79EFBC}") = "00_HelloWorld", "00_HelloWorld\00_HelloWorld.csproj", "{4EDDB112-127A-42C3-81BE-5BA16151E67F}"
EndProject
Project("{FAE04EC0-301F-11D3-BF4B-00C04F79EFBC}") = "01_AccountLogin", "01_AccountLogin\01_AccountLogin.csproj", "{E275B25F-D5C2-495C-9B6E-9B90C3617E98}"
EndProject
Project("{FAE04EC0-301F-11D3-BF4B-00C04F79EFBC}") = "02_IncomingCall", "02_IncomingCall\02_IncomingCall.csproj", "{8C3B09A6-CD10-4F83-8EF1-6BF2002C6339}"
EndProject
Project("{FAE04EC0-301F-11D3-BF4B-00C04F79EFBC}") = "04_BasicChat", "04_BasicChat\04_BasicChat.csproj", "{22034C73-FF8C-4D02-874D-15FED72C1A1D}"
EndProject
Project("{FAE04EC0-301F-11D3-BF4B-00C04F79EFBC}") = "05_FileTransfer", "05_FileTransfer\05_FileTransfer.csproj", "{C3BB19EB-D50B-4FEB-A097-899C67281A13}"
EndProject
Project("{2150E333-8FDC-42A3-9474-1A3956D46DE8}") = "Solution Items", "Solution Items", "{248A2D49-EC1F-4957-B6C4-E88A0D854CE6}"
	ProjectSection(SolutionItems) = preProject
		Readme.md = Readme.md
	EndProjectSection
EndProject
Project("{FAE04EC0-301F-11D3-BF4B-00C04F79EFBC}") = "06_GroupChat", "06_GroupChat\06_GroupChat.csproj", "{5D45D2C2-C228-4C2D-A376-3606FDB16686}"
EndProject
Project("{FAE04EC0-301F-11D3-BF4B-00C04F79EFBC}") = "07_AdvancedChat", "07_AdvancedChat\07_AdvancedChat.csproj", "{C0C99544-E7DE-4CF5-87B9-52677828EC24}"
EndProject
Project("{FAE04EC0-301F-11D3-BF4B-00C04F79EFBC}") = "03_OutgoingCall", "03_OutgoingCall\03_OutgoingCall.csproj", "{59E85455-ACC8-4F02-8E80-AD3C91167AF9}"
EndProject
Global
	GlobalSection(SolutionConfigurationPlatforms) = preSolution
		Debug|ARM = Debug|ARM
		Debug|ARM64 = Debug|ARM64
		Debug|x64 = Debug|x64
		Debug|x86 = Debug|x86
		Release|ARM = Release|ARM
		Release|ARM64 = Release|ARM64
		Release|x64 = Release|x64
		Release|x86 = Release|x86
	EndGlobalSection
	GlobalSection(ProjectConfigurationPlatforms) = postSolution
		{4EDDB112-127A-42C3-81BE-5BA16151E67F}.Debug|ARM.ActiveCfg = Debug|ARM
		{4EDDB112-127A-42C3-81BE-5BA16151E67F}.Debug|ARM.Build.0 = Debug|ARM
		{4EDDB112-127A-42C3-81BE-5BA16151E67F}.Debug|ARM.Deploy.0 = Debug|ARM
		{4EDDB112-127A-42C3-81BE-5BA16151E67F}.Debug|ARM64.ActiveCfg = Debug|ARM64
		{4EDDB112-127A-42C3-81BE-5BA16151E67F}.Debug|ARM64.Build.0 = Debug|ARM64
		{4EDDB112-127A-42C3-81BE-5BA16151E67F}.Debug|ARM64.Deploy.0 = Debug|ARM64
		{4EDDB112-127A-42C3-81BE-5BA16151E67F}.Debug|x64.ActiveCfg = Debug|x64
		{4EDDB112-127A-42C3-81BE-5BA16151E67F}.Debug|x64.Build.0 = Debug|x64
		{4EDDB112-127A-42C3-81BE-5BA16151E67F}.Debug|x64.Deploy.0 = Debug|x64
		{4EDDB112-127A-42C3-81BE-5BA16151E67F}.Debug|x86.ActiveCfg = Debug|x86
		{4EDDB112-127A-42C3-81BE-5BA16151E67F}.Debug|x86.Build.0 = Debug|x86
		{4EDDB112-127A-42C3-81BE-5BA16151E67F}.Debug|x86.Deploy.0 = Debug|x86
		{4EDDB112-127A-42C3-81BE-5BA16151E67F}.Release|ARM.ActiveCfg = Release|ARM
		{4EDDB112-127A-42C3-81BE-5BA16151E67F}.Release|ARM.Build.0 = Release|ARM
		{4EDDB112-127A-42C3-81BE-5BA16151E67F}.Release|ARM.Deploy.0 = Release|ARM
		{4EDDB112-127A-42C3-81BE-5BA16151E67F}.Release|ARM64.ActiveCfg = Release|ARM64
		{4EDDB112-127A-42C3-81BE-5BA16151E67F}.Release|ARM64.Build.0 = Release|ARM64
		{4EDDB112-127A-42C3-81BE-5BA16151E67F}.Release|ARM64.Deploy.0 = Release|ARM64
		{4EDDB112-127A-42C3-81BE-5BA16151E67F}.Release|x64.ActiveCfg = Release|x64
		{4EDDB112-127A-42C3-81BE-5BA16151E67F}.Release|x64.Build.0 = Release|x64
		{4EDDB112-127A-42C3-81BE-5BA16151E67F}.Release|x64.Deploy.0 = Release|x64
		{4EDDB112-127A-42C3-81BE-5BA16151E67F}.Release|x86.ActiveCfg = Release|x86
		{4EDDB112-127A-42C3-81BE-5BA16151E67F}.Release|x86.Build.0 = Release|x86
		{4EDDB112-127A-42C3-81BE-5BA16151E67F}.Release|x86.Deploy.0 = Release|x86
		{E275B25F-D5C2-495C-9B6E-9B90C3617E98}.Debug|ARM.ActiveCfg = Debug|ARM
		{E275B25F-D5C2-495C-9B6E-9B90C3617E98}.Debug|ARM.Build.0 = Debug|ARM
		{E275B25F-D5C2-495C-9B6E-9B90C3617E98}.Debug|ARM.Deploy.0 = Debug|ARM
		{E275B25F-D5C2-495C-9B6E-9B90C3617E98}.Debug|ARM64.ActiveCfg = Debug|ARM64
		{E275B25F-D5C2-495C-9B6E-9B90C3617E98}.Debug|ARM64.Build.0 = Debug|ARM64
		{E275B25F-D5C2-495C-9B6E-9B90C3617E98}.Debug|ARM64.Deploy.0 = Debug|ARM64
		{E275B25F-D5C2-495C-9B6E-9B90C3617E98}.Debug|x64.ActiveCfg = Debug|x64
		{E275B25F-D5C2-495C-9B6E-9B90C3617E98}.Debug|x64.Build.0 = Debug|x64
		{E275B25F-D5C2-495C-9B6E-9B90C3617E98}.Debug|x64.Deploy.0 = Debug|x64
		{E275B25F-D5C2-495C-9B6E-9B90C3617E98}.Debug|x86.ActiveCfg = Debug|x86
		{E275B25F-D5C2-495C-9B6E-9B90C3617E98}.Debug|x86.Build.0 = Debug|x86
		{E275B25F-D5C2-495C-9B6E-9B90C3617E98}.Debug|x86.Deploy.0 = Debug|x86
		{E275B25F-D5C2-495C-9B6E-9B90C3617E98}.Release|ARM.ActiveCfg = Release|ARM
		{E275B25F-D5C2-495C-9B6E-9B90C3617E98}.Release|ARM.Build.0 = Release|ARM
		{E275B25F-D5C2-495C-9B6E-9B90C3617E98}.Release|ARM.Deploy.0 = Release|ARM
		{E275B25F-D5C2-495C-9B6E-9B90C3617E98}.Release|ARM64.ActiveCfg = Release|ARM64
		{E275B25F-D5C2-495C-9B6E-9B90C3617E98}.Release|ARM64.Build.0 = Release|ARM64
		{E275B25F-D5C2-495C-9B6E-9B90C3617E98}.Release|ARM64.Deploy.0 = Release|ARM64
		{E275B25F-D5C2-495C-9B6E-9B90C3617E98}.Release|x64.ActiveCfg = Release|x64
		{E275B25F-D5C2-495C-9B6E-9B90C3617E98}.Release|x64.Build.0 = Release|x64
		{E275B25F-D5C2-495C-9B6E-9B90C3617E98}.Release|x64.Deploy.0 = Release|x64
		{E275B25F-D5C2-495C-9B6E-9B90C3617E98}.Release|x86.ActiveCfg = Release|x86
		{E275B25F-D5C2-495C-9B6E-9B90C3617E98}.Release|x86.Build.0 = Release|x86
		{E275B25F-D5C2-495C-9B6E-9B90C3617E98}.Release|x86.Deploy.0 = Release|x86
		{8C3B09A6-CD10-4F83-8EF1-6BF2002C6339}.Debug|ARM.ActiveCfg = Debug|ARM
		{8C3B09A6-CD10-4F83-8EF1-6BF2002C6339}.Debug|ARM.Build.0 = Debug|ARM
		{8C3B09A6-CD10-4F83-8EF1-6BF2002C6339}.Debug|ARM.Deploy.0 = Debug|ARM
		{8C3B09A6-CD10-4F83-8EF1-6BF2002C6339}.Debug|ARM64.ActiveCfg = Debug|ARM64
		{8C3B09A6-CD10-4F83-8EF1-6BF2002C6339}.Debug|ARM64.Build.0 = Debug|ARM64
		{8C3B09A6-CD10-4F83-8EF1-6BF2002C6339}.Debug|ARM64.Deploy.0 = Debug|ARM64
		{8C3B09A6-CD10-4F83-8EF1-6BF2002C6339}.Debug|x64.ActiveCfg = Debug|x64
		{8C3B09A6-CD10-4F83-8EF1-6BF2002C6339}.Debug|x64.Build.0 = Debug|x64
		{8C3B09A6-CD10-4F83-8EF1-6BF2002C6339}.Debug|x64.Deploy.0 = Debug|x64
		{8C3B09A6-CD10-4F83-8EF1-6BF2002C6339}.Debug|x86.ActiveCfg = Debug|x86
		{8C3B09A6-CD10-4F83-8EF1-6BF2002C6339}.Debug|x86.Build.0 = Debug|x86
		{8C3B09A6-CD10-4F83-8EF1-6BF2002C6339}.Debug|x86.Deploy.0 = Debug|x86
		{8C3B09A6-CD10-4F83-8EF1-6BF2002C6339}.Release|ARM.ActiveCfg = Release|ARM
		{8C3B09A6-CD10-4F83-8EF1-6BF2002C6339}.Release|ARM.Build.0 = Release|ARM
		{8C3B09A6-CD10-4F83-8EF1-6BF2002C6339}.Release|ARM.Deploy.0 = Release|ARM
		{8C3B09A6-CD10-4F83-8EF1-6BF2002C6339}.Release|ARM64.ActiveCfg = Release|ARM64
		{8C3B09A6-CD10-4F83-8EF1-6BF2002C6339}.Release|ARM64.Build.0 = Release|ARM64
		{8C3B09A6-CD10-4F83-8EF1-6BF2002C6339}.Release|ARM64.Deploy.0 = Release|ARM64
		{8C3B09A6-CD10-4F83-8EF1-6BF2002C6339}.Release|x64.ActiveCfg = Release|x64
		{8C3B09A6-CD10-4F83-8EF1-6BF2002C6339}.Release|x64.Build.0 = Release|x64
		{8C3B09A6-CD10-4F83-8EF1-6BF2002C6339}.Release|x64.Deploy.0 = Release|x64
		{8C3B09A6-CD10-4F83-8EF1-6BF2002C6339}.Release|x86.ActiveCfg = Release|x86
		{8C3B09A6-CD10-4F83-8EF1-6BF2002C6339}.Release|x86.Build.0 = Release|x86
		{8C3B09A6-CD10-4F83-8EF1-6BF2002C6339}.Release|x86.Deploy.0 = Release|x86
		{22034C73-FF8C-4D02-874D-15FED72C1A1D}.Debug|ARM.ActiveCfg = Debug|ARM
		{22034C73-FF8C-4D02-874D-15FED72C1A1D}.Debug|ARM.Build.0 = Debug|ARM
		{22034C73-FF8C-4D02-874D-15FED72C1A1D}.Debug|ARM.Deploy.0 = Debug|ARM
		{22034C73-FF8C-4D02-874D-15FED72C1A1D}.Debug|ARM64.ActiveCfg = Debug|ARM64
		{22034C73-FF8C-4D02-874D-15FED72C1A1D}.Debug|ARM64.Build.0 = Debug|ARM64
		{22034C73-FF8C-4D02-874D-15FED72C1A1D}.Debug|ARM64.Deploy.0 = Debug|ARM64
		{22034C73-FF8C-4D02-874D-15FED72C1A1D}.Debug|x64.ActiveCfg = Debug|x64
		{22034C73-FF8C-4D02-874D-15FED72C1A1D}.Debug|x64.Build.0 = Debug|x64
		{22034C73-FF8C-4D02-874D-15FED72C1A1D}.Debug|x64.Deploy.0 = Debug|x64
		{22034C73-FF8C-4D02-874D-15FED72C1A1D}.Debug|x86.ActiveCfg = Debug|x86
		{22034C73-FF8C-4D02-874D-15FED72C1A1D}.Debug|x86.Build.0 = Debug|x86
		{22034C73-FF8C-4D02-874D-15FED72C1A1D}.Debug|x86.Deploy.0 = Debug|x86
		{22034C73-FF8C-4D02-874D-15FED72C1A1D}.Release|ARM.ActiveCfg = Release|ARM
		{22034C73-FF8C-4D02-874D-15FED72C1A1D}.Release|ARM.Build.0 = Release|ARM
		{22034C73-FF8C-4D02-874D-15FED72C1A1D}.Release|ARM.Deploy.0 = Release|ARM
		{22034C73-FF8C-4D02-874D-15FED72C1A1D}.Release|ARM64.ActiveCfg = Release|ARM64
		{22034C73-FF8C-4D02-874D-15FED72C1A1D}.Release|ARM64.Build.0 = Release|ARM64
		{22034C73-FF8C-4D02-874D-15FED72C1A1D}.Release|ARM64.Deploy.0 = Release|ARM64
		{22034C73-FF8C-4D02-874D-15FED72C1A1D}.Release|x64.ActiveCfg = Release|x64
		{22034C73-FF8C-4D02-874D-15FED72C1A1D}.Release|x64.Build.0 = Release|x64
		{22034C73-FF8C-4D02-874D-15FED72C1A1D}.Release|x64.Deploy.0 = Release|x64
		{22034C73-FF8C-4D02-874D-15FED72C1A1D}.Release|x86.ActiveCfg = Release|x86
		{22034C73-FF8C-4D02-874D-15FED72C1A1D}.Release|x86.Build.0 = Release|x86
		{22034C73-FF8C-4D02-874D-15FED72C1A1D}.Release|x86.Deploy.0 = Release|x86
		{C3BB19EB-D50B-4FEB-A097-899C67281A13}.Debug|ARM.ActiveCfg = Debug|ARM
		{C3BB19EB-D50B-4FEB-A097-899C67281A13}.Debug|ARM.Build.0 = Debug|ARM
		{C3BB19EB-D50B-4FEB-A097-899C67281A13}.Debug|ARM.Deploy.0 = Debug|ARM
		{C3BB19EB-D50B-4FEB-A097-899C67281A13}.Debug|ARM64.ActiveCfg = Debug|ARM64
		{C3BB19EB-D50B-4FEB-A097-899C67281A13}.Debug|ARM64.Build.0 = Debug|ARM64
		{C3BB19EB-D50B-4FEB-A097-899C67281A13}.Debug|ARM64.Deploy.0 = Debug|ARM64
		{C3BB19EB-D50B-4FEB-A097-899C67281A13}.Debug|x64.ActiveCfg = Debug|x64
		{C3BB19EB-D50B-4FEB-A097-899C67281A13}.Debug|x64.Build.0 = Debug|x64
		{C3BB19EB-D50B-4FEB-A097-899C67281A13}.Debug|x64.Deploy.0 = Debug|x64
		{C3BB19EB-D50B-4FEB-A097-899C67281A13}.Debug|x86.ActiveCfg = Debug|x86
		{C3BB19EB-D50B-4FEB-A097-899C67281A13}.Debug|x86.Build.0 = Debug|x86
		{C3BB19EB-D50B-4FEB-A097-899C67281A13}.Debug|x86.Deploy.0 = Debug|x86
		{C3BB19EB-D50B-4FEB-A097-899C67281A13}.Release|ARM.ActiveCfg = Release|ARM
		{C3BB19EB-D50B-4FEB-A097-899C67281A13}.Release|ARM.Build.0 = Release|ARM
		{C3BB19EB-D50B-4FEB-A097-899C67281A13}.Release|ARM.Deploy.0 = Release|ARM
		{C3BB19EB-D50B-4FEB-A097-899C67281A13}.Release|ARM64.ActiveCfg = Release|ARM64
		{C3BB19EB-D50B-4FEB-A097-899C67281A13}.Release|ARM64.Build.0 = Release|ARM64
		{C3BB19EB-D50B-4FEB-A097-899C67281A13}.Release|ARM64.Deploy.0 = Release|ARM64
		{C3BB19EB-D50B-4FEB-A097-899C67281A13}.Release|x64.ActiveCfg = Release|x64
		{C3BB19EB-D50B-4FEB-A097-899C67281A13}.Release|x64.Build.0 = Release|x64
		{C3BB19EB-D50B-4FEB-A097-899C67281A13}.Release|x64.Deploy.0 = Release|x64
		{C3BB19EB-D50B-4FEB-A097-899C67281A13}.Release|x86.ActiveCfg = Release|x86
		{C3BB19EB-D50B-4FEB-A097-899C67281A13}.Release|x86.Build.0 = Release|x86
		{C3BB19EB-D50B-4FEB-A097-899C67281A13}.Release|x86.Deploy.0 = Release|x86
		{5D45D2C2-C228-4C2D-A376-3606FDB16686}.Debug|ARM.ActiveCfg = Debug|ARM
		{5D45D2C2-C228-4C2D-A376-3606FDB16686}.Debug|ARM.Build.0 = Debug|ARM
		{5D45D2C2-C228-4C2D-A376-3606FDB16686}.Debug|ARM.Deploy.0 = Debug|ARM
		{5D45D2C2-C228-4C2D-A376-3606FDB16686}.Debug|ARM64.ActiveCfg = Debug|ARM64
		{5D45D2C2-C228-4C2D-A376-3606FDB16686}.Debug|ARM64.Build.0 = Debug|ARM64
		{5D45D2C2-C228-4C2D-A376-3606FDB16686}.Debug|ARM64.Deploy.0 = Debug|ARM64
		{5D45D2C2-C228-4C2D-A376-3606FDB16686}.Debug|x64.ActiveCfg = Debug|x64
		{5D45D2C2-C228-4C2D-A376-3606FDB16686}.Debug|x64.Build.0 = Debug|x64
		{5D45D2C2-C228-4C2D-A376-3606FDB16686}.Debug|x64.Deploy.0 = Debug|x64
		{5D45D2C2-C228-4C2D-A376-3606FDB16686}.Debug|x86.ActiveCfg = Debug|x86
		{5D45D2C2-C228-4C2D-A376-3606FDB16686}.Debug|x86.Build.0 = Debug|x86
		{5D45D2C2-C228-4C2D-A376-3606FDB16686}.Debug|x86.Deploy.0 = Debug|x86
		{5D45D2C2-C228-4C2D-A376-3606FDB16686}.Release|ARM.ActiveCfg = Release|ARM
		{5D45D2C2-C228-4C2D-A376-3606FDB16686}.Release|ARM.Build.0 = Release|ARM
		{5D45D2C2-C228-4C2D-A376-3606FDB16686}.Release|ARM.Deploy.0 = Release|ARM
		{5D45D2C2-C228-4C2D-A376-3606FDB16686}.Release|ARM64.ActiveCfg = Release|ARM64
		{5D45D2C2-C228-4C2D-A376-3606FDB16686}.Release|ARM64.Build.0 = Release|ARM64
		{5D45D2C2-C228-4C2D-A376-3606FDB16686}.Release|ARM64.Deploy.0 = Release|ARM64
		{5D45D2C2-C228-4C2D-A376-3606FDB16686}.Release|x64.ActiveCfg = Release|x64
		{5D45D2C2-C228-4C2D-A376-3606FDB16686}.Release|x64.Build.0 = Release|x64
		{5D45D2C2-C228-4C2D-A376-3606FDB16686}.Release|x64.Deploy.0 = Release|x64
		{5D45D2C2-C228-4C2D-A376-3606FDB16686}.Release|x86.ActiveCfg = Release|x86
		{5D45D2C2-C228-4C2D-A376-3606FDB16686}.Release|x86.Build.0 = Release|x86
		{5D45D2C2-C228-4C2D-A376-3606FDB16686}.Release|x86.Deploy.0 = Release|x86
		{C0C99544-E7DE-4CF5-87B9-52677828EC24}.Debug|ARM.ActiveCfg = Debug|ARM
		{C0C99544-E7DE-4CF5-87B9-52677828EC24}.Debug|ARM.Build.0 = Debug|ARM
		{C0C99544-E7DE-4CF5-87B9-52677828EC24}.Debug|ARM.Deploy.0 = Debug|ARM
		{C0C99544-E7DE-4CF5-87B9-52677828EC24}.Debug|ARM64.ActiveCfg = Debug|ARM64
		{C0C99544-E7DE-4CF5-87B9-52677828EC24}.Debug|ARM64.Build.0 = Debug|ARM64
		{C0C99544-E7DE-4CF5-87B9-52677828EC24}.Debug|ARM64.Deploy.0 = Debug|ARM64
		{C0C99544-E7DE-4CF5-87B9-52677828EC24}.Debug|x64.ActiveCfg = Debug|x64
		{C0C99544-E7DE-4CF5-87B9-52677828EC24}.Debug|x64.Build.0 = Debug|x64
		{C0C99544-E7DE-4CF5-87B9-52677828EC24}.Debug|x64.Deploy.0 = Debug|x64
		{C0C99544-E7DE-4CF5-87B9-52677828EC24}.Debug|x86.ActiveCfg = Debug|x86
		{C0C99544-E7DE-4CF5-87B9-52677828EC24}.Debug|x86.Build.0 = Debug|x86
		{C0C99544-E7DE-4CF5-87B9-52677828EC24}.Debug|x86.Deploy.0 = Debug|x86
		{C0C99544-E7DE-4CF5-87B9-52677828EC24}.Release|ARM.ActiveCfg = Release|ARM
		{C0C99544-E7DE-4CF5-87B9-52677828EC24}.Release|ARM.Build.0 = Release|ARM
		{C0C99544-E7DE-4CF5-87B9-52677828EC24}.Release|ARM.Deploy.0 = Release|ARM
		{C0C99544-E7DE-4CF5-87B9-52677828EC24}.Release|ARM64.ActiveCfg = Release|ARM64
		{C0C99544-E7DE-4CF5-87B9-52677828EC24}.Release|ARM64.Build.0 = Release|ARM64
		{C0C99544-E7DE-4CF5-87B9-52677828EC24}.Release|ARM64.Deploy.0 = Release|ARM64
		{C0C99544-E7DE-4CF5-87B9-52677828EC24}.Release|x64.ActiveCfg = Release|x64
		{C0C99544-E7DE-4CF5-87B9-52677828EC24}.Release|x64.Build.0 = Release|x64
		{C0C99544-E7DE-4CF5-87B9-52677828EC24}.Release|x64.Deploy.0 = Release|x64
		{C0C99544-E7DE-4CF5-87B9-52677828EC24}.Release|x86.ActiveCfg = Release|x86
		{C0C99544-E7DE-4CF5-87B9-52677828EC24}.Release|x86.Build.0 = Release|x86
		{C0C99544-E7DE-4CF5-87B9-52677828EC24}.Release|x86.Deploy.0 = Release|x86
		{59E85455-ACC8-4F02-8E80-AD3C91167AF9}.Debug|ARM.ActiveCfg = Debug|ARM
		{59E85455-ACC8-4F02-8E80-AD3C91167AF9}.Debug|ARM.Build.0 = Debug|ARM
		{59E85455-ACC8-4F02-8E80-AD3C91167AF9}.Debug|ARM.Deploy.0 = Debug|ARM
		{59E85455-ACC8-4F02-8E80-AD3C91167AF9}.Debug|ARM64.ActiveCfg = Debug|ARM64
		{59E85455-ACC8-4F02-8E80-AD3C91167AF9}.Debug|ARM64.Build.0 = Debug|ARM64
		{59E85455-ACC8-4F02-8E80-AD3C91167AF9}.Debug|ARM64.Deploy.0 = Debug|ARM64
		{59E85455-ACC8-4F02-8E80-AD3C91167AF9}.Debug|x64.ActiveCfg = Debug|x64
		{59E85455-ACC8-4F02-8E80-AD3C91167AF9}.Debug|x64.Build.0 = Debug|x64
		{59E85455-ACC8-4F02-8E80-AD3C91167AF9}.Debug|x64.Deploy.0 = Debug|x64
		{59E85455-ACC8-4F02-8E80-AD3C91167AF9}.Debug|x86.ActiveCfg = Debug|x86
		{59E85455-ACC8-4F02-8E80-AD3C91167AF9}.Debug|x86.Build.0 = Debug|x86
		{59E85455-ACC8-4F02-8E80-AD3C91167AF9}.Debug|x86.Deploy.0 = Debug|x86
		{59E85455-ACC8-4F02-8E80-AD3C91167AF9}.Release|ARM.ActiveCfg = Release|ARM
		{59E85455-ACC8-4F02-8E80-AD3C91167AF9}.Release|ARM.Build.0 = Release|ARM
		{59E85455-ACC8-4F02-8E80-AD3C91167AF9}.Release|ARM.Deploy.0 = Release|ARM
		{59E85455-ACC8-4F02-8E80-AD3C91167AF9}.Release|ARM64.ActiveCfg = Release|ARM64
		{59E85455-ACC8-4F02-8E80-AD3C91167AF9}.Release|ARM64.Build.0 = Release|ARM64
		{59E85455-ACC8-4F02-8E80-AD3C91167AF9}.Release|ARM64.Deploy.0 = Release|ARM64
		{59E85455-ACC8-4F02-8E80-AD3C91167AF9}.Release|x64.ActiveCfg = Release|x64
		{59E85455-ACC8-4F02-8E80-AD3C91167AF9}.Release|x64.Build.0 = Release|x64
		{59E85455-ACC8-4F02-8E80-AD3C91167AF9}.Release|x64.Deploy.0 = Release|x64
		{59E85455-ACC8-4F02-8E80-AD3C91167AF9}.Release|x86.ActiveCfg = Release|x86
		{59E85455-ACC8-4F02-8E80-AD3C91167AF9}.Release|x86.Build.0 = Release|x86
		{59E85455-ACC8-4F02-8E80-AD3C91167AF9}.Release|x86.Deploy.0 = Release|x86
	EndGlobalSection
	GlobalSection(SolutionProperties) = preSolution
		HideSolutionNode = FALSE
	EndGlobalSection
	GlobalSection(ExtensibilityGlobals) = postSolution
		SolutionGuid = {C6C912AD-1E23-48B5-AE70-D12A292C5124}
	EndGlobalSection
EndGlobal
