// !$*UTF8*$!
{
	archiveVersion = 1;
	classes = {
	};
	objectVersion = 50;
	objects = {

/* Begin PBXBuildFile section */
		6109A53324A1FB600080B339 /* AppDelegate.swift in Sources */ = {isa = PBXBuildFile; fileRef = 6109A53224A1FB600080B339 /* AppDelegate.swift */; };
		6109A53524A1FB600080B339 /* SceneDelegate.swift in Sources */ = {isa = PBXBuildFile; fileRef = 6109A53424A1FB600080B339 /* SceneDelegate.swift */; };
		6109A53724A1FB600080B339 /* ContentView.swift in Sources */ = {isa = PBXBuildFile; fileRef = 6109A53624A1FB600080B339 /* ContentView.swift */; };
		6109A53924A1FB610080B339 /* Assets.xcassets in Resources */ = {isa = PBXBuildFile; fileRef = 6109A53824A1FB610080B339 /* Assets.xcassets */; };
		6109A53C24A1FB610080B339 /* Preview Assets.xcassets in Resources */ = {isa = PBXBuildFile; fileRef = 6109A53B24A1FB610080B339 /* Preview Assets.xcassets */; };
		6109A53F24A1FB610080B339 /* LaunchScreen.storyboard in Resources */ = {isa = PBXBuildFile; fileRef = 6109A53D24A1FB610080B339 /* LaunchScreen.storyboard */; };
		77A49EE3C36F606277338500 /* Pods_HelloLinphone.framework in Frameworks */ = {isa = PBXBuildFile; fileRef = 77C78D4B854746B756F138EC /* Pods_HelloLinphone.framework */; };
/* End PBXBuildFile section */

/* Begin PBXFileReference section */
		58D449155D749B90DECEF33F /* Pods-HelloLinphone.debug.xcconfig */ = {isa = PBXFileReference; includeInIndex = 1; lastKnownFileType = text.xcconfig; name = "Pods-HelloLinphone.debug.xcconfig"; path = "Target Support Files/Pods-HelloLinphone/Pods-HelloLinphone.debug.xcconfig"; sourceTree = "<group>"; };
		6109A52F24A1FB600080B339 /* HelloLinphone.app */ = {isa = PBXFileReference; explicitFileType = wrapper.application; includeInIndex = 0; path = HelloLinphone.app; sourceTree = BUILT_PRODUCTS_DIR; };
		6109A53224A1FB600080B339 /* AppDelegate.swift */ = {isa = PBXFileReference; lastKnownFileType = sourcecode.swift; path = AppDelegate.swift; sourceTree = "<group>"; };
		6109A53424A1FB600080B339 /* SceneDelegate.swift */ = {isa = PBXFileReference; lastKnownFileType = sourcecode.swift; path = SceneDelegate.swift; sourceTree = "<group>"; };
		6109A53624A1FB600080B339 /* ContentView.swift */ = {isa = PBXFileReference; lastKnownFileType = sourcecode.swift; path = ContentView.swift; sourceTree = "<group>"; };
		6109A53824A1FB610080B339 /* Assets.xcassets */ = {isa = PBXFileReference; lastKnownFileType = folder.assetcatalog; path = Assets.xcassets; sourceTree = "<group>"; };
		6109A53B24A1FB610080B339 /* Preview Assets.xcassets */ = {isa = PBXFileReference; lastKnownFileType = folder.assetcatalog; path = "Preview Assets.xcassets"; sourceTree = "<group>"; };
		6109A53E24A1FB610080B339 /* Base */ = {isa = PBXFileReference; lastKnownFileType = file.storyboard; name = Base; path = Base.lproj/LaunchScreen.storyboard; sourceTree = "<group>"; };
		6109A54024A1FB610080B339 /* Info.plist */ = {isa = PBXFileReference; lastKnownFileType = text.plist.xml; path = Info.plist; sourceTree = "<group>"; };
		77C78D4B854746B756F138EC /* Pods_HelloLinphone.framework */ = {isa = PBXFileReference; explicitFileType = wrapper.framework; includeInIndex = 0; path = Pods_HelloLinphone.framework; sourceTree = BUILT_PRODUCTS_DIR; };
		CCABD171CB8B5F0B32B7C819 /* Pods-HelloLinphone.release.xcconfig */ = {isa = PBXFileReference; includeInIndex = 1; lastKnownFileType = text.xcconfig; name = "Pods-HelloLinphone.release.xcconfig"; path = "Target Support Files/Pods-HelloLinphone/Pods-HelloLinphone.release.xcconfig"; sourceTree = "<group>"; };
/* End PBXFileReference section */

/* Begin PBXFrameworksBuildPhase section */
		6109A52C24A1FB600080B339 /* Frameworks */ = {
			isa = PBXFrameworksBuildPhase;
			buildActionMask = 2147483647;
			files = (
				77A49EE3C36F606277338500 /* Pods_HelloLinphone.framework in Frameworks */,
			);
			runOnlyForDeploymentPostprocessing = 0;
		};
/* End PBXFrameworksBuildPhase section */

/* Begin PBXGroup section */
		12F6903ABA1B6D98B920C503 /* Frameworks */ = {
			isa = PBXGroup;
			children = (
				77C78D4B854746B756F138EC /* Pods_HelloLinphone.framework */,
			);
			name = Frameworks;
			sourceTree = "<group>";
		};
		6109A52624A1FB600080B339 = {
			isa = PBXGroup;
			children = (
				6109A53124A1FB600080B339 /* HelloLinphone */,
				6109A53024A1FB600080B339 /* Products */,
				7DEB177E8F89B4C059EAD432 /* Pods */,
				12F6903ABA1B6D98B920C503 /* Frameworks */,
			);
			sourceTree = "<group>";
		};
		6109A53024A1FB600080B339 /* Products */ = {
			isa = PBXGroup;
			children = (
				6109A52F24A1FB600080B339 /* HelloLinphone.app */,
			);
			name = Products;
			sourceTree = "<group>";
		};
		6109A53124A1FB600080B339 /* HelloLinphone */ = {
			isa = PBXGroup;
			children = (
				6109A53224A1FB600080B339 /* AppDelegate.swift */,
				6109A53424A1FB600080B339 /* SceneDelegate.swift */,
				6109A53624A1FB600080B339 /* ContentView.swift */,
				6109A53824A1FB610080B339 /* Assets.xcassets */,
				6109A53D24A1FB610080B339 /* LaunchScreen.storyboard */,
				6109A54024A1FB610080B339 /* Info.plist */,
				6109A53A24A1FB610080B339 /* Preview Content */,
			);
			path = HelloLinphone;
			sourceTree = "<group>";
		};
		6109A53A24A1FB610080B339 /* Preview Content */ = {
			isa = PBXGroup;
			children = (
				6109A53B24A1FB610080B339 /* Preview Assets.xcassets */,
			);
			path = "Preview Content";
			sourceTree = "<group>";
		};
		7DEB177E8F89B4C059EAD432 /* Pods */ = {
			isa = PBXGroup;
			children = (
				58D449155D749B90DECEF33F /* Pods-HelloLinphone.debug.xcconfig */,
				CCABD171CB8B5F0B32B7C819 /* Pods-HelloLinphone.release.xcconfig */,
			);
			name = Pods;
			path = Pods;
			sourceTree = "<group>";
		};
/* End PBXGroup section */

/* Begin PBXNativeTarget section */
		6109A52E24A1FB600080B339 /* HelloLinphone */ = {
			isa = PBXNativeTarget;
			buildConfigurationList = 6109A54324A1FB610080B339 /* Build configuration list for PBXNativeTarget "HelloLinphone" */;
			buildPhases = (
				F68B6F6ACD48C202C8DC4322 /* [CP] Check Pods Manifest.lock */,
				6109A52B24A1FB600080B339 /* Sources */,
				6109A52C24A1FB600080B339 /* Frameworks */,
				6109A52D24A1FB600080B339 /* Resources */,
				724EF46BD0CBE3A1971D77D0 /* [CP] Embed Pods Frameworks */,
			);
			buildRules = (
			);
			dependencies = (
			);
			name = HelloLinphone;
			productName = HelloLinphone;
			productReference = 6109A52F24A1FB600080B339 /* HelloLinphone.app */;
			productType = "com.apple.product-type.application";
		};
/* End PBXNativeTarget section */

/* Begin PBXProject section */
		6109A52724A1FB600080B339 /* Project object */ = {
			isa = PBXProject;
			attributes = {
				LastSwiftUpdateCheck = 1150;
				LastUpgradeCheck = 1150;
				ORGANIZATIONNAME = belledonne;
				TargetAttributes = {
					6109A52E24A1FB600080B339 = {
						CreatedOnToolsVersion = 11.5;
					};
				};
			};
			buildConfigurationList = 6109A52A24A1FB600080B339 /* Build configuration list for PBXProject "HelloLinphone" */;
			compatibilityVersion = "Xcode 9.3";
			developmentRegion = en;
			hasScannedForEncodings = 0;
			knownRegions = (
				en,
				Base,
			);
			mainGroup = 6109A52624A1FB600080B339;
			productRefGroup = 6109A53024A1FB600080B339 /* Products */;
			projectDirPath = "";
			projectRoot = "";
			targets = (
				6109A52E24A1FB600080B339 /* HelloLinphone */,
			);
		};
/* End PBXProject section */

/* Begin PBXResourcesBuildPhase section */
		6109A52D24A1FB600080B339 /* Resources */ = {
			isa = PBXResourcesBuildPhase;
			buildActionMask = 2147483647;
			files = (
				6109A53F24A1FB610080B339 /* LaunchScreen.storyboard in Resources */,
				6109A53C24A1FB610080B339 /* Preview Assets.xcassets in Resources */,
				6109A53924A1FB610080B339 /* Assets.xcassets in Resources */,
			);
			runOnlyForDeploymentPostprocessing = 0;
		};
/* End PBXResourcesBuildPhase section */

/* Begin PBXShellScriptBuildPhase section */
		724EF46BD0CBE3A1971D77D0 /* [CP] Embed Pods Frameworks */ = {
			isa = PBXShellScriptBuildPhase;
			buildActionMask = 2147483647;
			files = (
			);
			inputFileListPaths = (
				"${PODS_ROOT}/Target Support Files/Pods-HelloLinphone/Pods-HelloLinphone-frameworks-${CONFIGURATION}-input-files.xcfilelist",
			);
			name = "[CP] Embed Pods Frameworks";
			outputFileListPaths = (
				"${PODS_ROOT}/Target Support Files/Pods-HelloLinphone/Pods-HelloLinphone-frameworks-${CONFIGURATION}-output-files.xcfilelist",
			);
			runOnlyForDeploymentPostprocessing = 0;
			shellPath = /bin/sh;
			shellScript = "\"${PODS_ROOT}/Target Support Files/Pods-HelloLinphone/Pods-HelloLinphone-frameworks.sh\"\n";
			showEnvVarsInLog = 0;
		};
		F68B6F6ACD48C202C8DC4322 /* [CP] Check Pods Manifest.lock */ = {
			isa = PBXShellScriptBuildPhase;
			buildActionMask = 2147483647;
			files = (
			);
			inputFileListPaths = (
			);
			inputPaths = (
				"${PODS_PODFILE_DIR_PATH}/Podfile.lock",
				"${PODS_ROOT}/Manifest.lock",
			);
			name = "[CP] Check Pods Manifest.lock";
			outputFileListPaths = (
			);
			outputPaths = (
				"$(DERIVED_FILE_DIR)/Pods-HelloLinphone-checkManifestLockResult.txt",
			);
			runOnlyForDeploymentPostprocessing = 0;
			shellPath = /bin/sh;
			shellScript = "diff \"${PODS_PODFILE_DIR_PATH}/Podfile.lock\" \"${PODS_ROOT}/Manifest.lock\" > /dev/null\nif [ $? != 0 ] ; then\n    # print error to STDERR\n    echo \"error: The sandbox is not in sync with the Podfile.lock. Run 'pod install' or update your CocoaPods installation.\" >&2\n    exit 1\nfi\n# This output is used by Xcode 'outputs' to avoid re-running this script phase.\necho \"SUCCESS\" > \"${SCRIPT_OUTPUT_FILE_0}\"\n";
			showEnvVarsInLog = 0;
		};
/* End PBXShellScriptBuildPhase section */

/* Begin PBXSourcesBuildPhase section */
		6109A52B24A1FB600080B339 /* Sources */ = {
			isa = PBXSourcesBuildPhase;
			buildActionMask = 2147483647;
			files = (
				6109A53324A1FB600080B339 /* AppDelegate.swift in Sources */,
				6109A53524A1FB600080B339 /* SceneDelegate.swift in Sources */,
				6109A53724A1FB600080B339 /* ContentView.swift in Sources */,
			);
			runOnlyForDeploymentPostprocessing = 0;
		};
/* End PBXSourcesBuildPhase section */

/* Begin PBXVariantGroup section */
		6109A53D24A1FB610080B339 /* LaunchScreen.storyboard */ = {
			isa = PBXVariantGroup;
			children = (
				6109A53E24A1FB610080B339 /* Base */,
			);
			name = LaunchScreen.storyboard;
			sourceTree = "<group>";
		};
/* End PBXVariantGroup section */

/* Begin XCBuildConfiguration section */
		6109A54124A1FB610080B339 /* Debug */ = {
			isa = XCBuildConfiguration;
			buildSettings = {
				ALWAYS_SEARCH_USER_PATHS = NO;
				CLANG_ANALYZER_NONNULL = YES;
				CLANG_ANALYZER_NUMBER_OBJECT_CONVERSION = YES_AGGRESSIVE;
				CLANG_CXX_LANGUAGE_STANDARD = "gnu++14";
				CLANG_CXX_LIBRARY = "libc++";
				CLANG_ENABLE_MODULES = YES;
				CLANG_ENABLE_OBJC_ARC = YES;
				CLANG_ENABLE_OBJC_WEAK = YES;
				CLANG_WARN_BLOCK_CAPTURE_AUTORELEASING = YES;
				CLANG_WARN_BOOL_CONVERSION = YES;
				CLANG_WARN_COMMA = YES;
				CLANG_WARN_CONSTANT_CONVERSION = YES;
				CLANG_WARN_DEPRECATED_OBJC_IMPLEMENTATIONS = YES;
				CLANG_WARN_DIRECT_OBJC_ISA_USAGE = YES_ERROR;
				CLANG_WARN_DOCUMENTATION_COMMENTS = YES;
				CLANG_WARN_EMPTY_BODY = YES;
				CLANG_WARN_ENUM_CONVERSION = YES;
				CLANG_WARN_INFINITE_RECURSION = YES;
				CLANG_WARN_INT_CONVERSION = YES;
				CLANG_WARN_NON_LITERAL_NULL_CONVERSION = YES;
				CLANG_WARN_OBJC_IMPLICIT_RETAIN_SELF = YES;
				CLANG_WARN_OBJC_LITERAL_CONVERSION = YES;
				CLANG_WARN_OBJC_ROOT_CLASS = YES_ERROR;
				CLANG_WARN_RANGE_LOOP_ANALYSIS = YES;
				CLANG_WARN_STRICT_PROTOTYPES = YES;
				CLANG_WARN_SUSPICIOUS_MOVE = YES;
				CLANG_WARN_UNGUARDED_AVAILABILITY = YES_AGGRESSIVE;
				CLANG_WARN_UNREACHABLE_CODE = YES;
				CLANG_WARN__DUPLICATE_METHOD_MATCH = YES;
				COPY_PHASE_STRIP = NO;
				DEBUG_INFORMATION_FORMAT = dwarf;
				ENABLE_STRICT_OBJC_MSGSEND = YES;
				ENABLE_TESTABILITY = YES;
				GCC_C_LANGUAGE_STANDARD = gnu11;
				GCC_DYNAMIC_NO_PIC = NO;
				GCC_NO_COMMON_BLOCKS = YES;
				GCC_OPTIMIZATION_LEVEL = 0;
				GCC_PREPROCESSOR_DEFINITIONS = (
					"DEBUG=1",
					"$(inherited)",
				);
				GCC_WARN_64_TO_32_BIT_CONVERSION = YES;
				GCC_WARN_ABOUT_RETURN_TYPE = YES_ERROR;
				GCC_WARN_UNDECLARED_SELECTOR = YES;
				GCC_WARN_UNINITIALIZED_AUTOS = YES_AGGRESSIVE;
				GCC_WARN_UNUSED_FUNCTION = YES;
				GCC_WARN_UNUSED_VARIABLE = YES;
				IPHONEOS_DEPLOYMENT_TARGET = 13.5;
				MTL_ENABLE_DEBUG_INFO = INCLUDE_SOURCE;
				MTL_FAST_MATH = YES;
				ONLY_ACTIVE_ARCH = YES;
				SDKROOT = iphoneos;
				SWIFT_ACTIVE_COMPILATION_CONDITIONS = DEBUG;
				SWIFT_OPTIMIZATION_LEVEL = "-Onone";
			};
			name = Debug;
		};
		6109A54224A1FB610080B339 /* Release */ = {
			isa = XCBuildConfiguration;
			buildSettings = {
				ALWAYS_SEARCH_USER_PATHS = NO;
				CLANG_ANALYZER_NONNULL = YES;
				CLANG_ANALYZER_NUMBER_OBJECT_CONVERSION = YES_AGGRESSIVE;
				CLANG_CXX_LANGUAGE_STANDARD = "gnu++14";
				CLANG_CXX_LIBRARY = "libc++";
				CLANG_ENABLE_MODULES = YES;
				CLANG_ENABLE_OBJC_ARC = YES;
				CLANG_ENABLE_OBJC_WEAK = YES;
				CLANG_WARN_BLOCK_CAPTURE_AUTORELEASING = YES;
				CLANG_WARN_BOOL_CONVERSION = YES;
				CLANG_WARN_COMMA = YES;
				CLANG_WARN_CONSTANT_CONVERSION = YES;
				CLANG_WARN_DEPRECATED_OBJC_IMPLEMENTATIONS = YES;
				CLANG_WARN_DIRECT_OBJC_ISA_USAGE = YES_ERROR;
				CLANG_WARN_DOCUMENTATION_COMMENTS = YES;
				CLANG_WARN_EMPTY_BODY = YES;
				CLANG_WARN_ENUM_CONVERSION = YES;
				CLANG_WARN_INFINITE_RECURSION = YES;
				CLANG_WARN_INT_CONVERSION = YES;
				CLANG_WARN_NON_LITERAL_NULL_CONVERSION = YES;
				CLANG_WARN_OBJC_IMPLICIT_RETAIN_SELF = YES;
				CLANG_WARN_OBJC_LITERAL_CONVERSION = YES;
				CLANG_WARN_OBJC_ROOT_CLASS = YES_ERROR;
				CLANG_WARN_RANGE_LOOP_ANALYSIS = YES;
				CLANG_WARN_STRICT_PROTOTYPES = YES;
				CLANG_WARN_SUSPICIOUS_MOVE = YES;
				CLANG_WARN_UNGUARDED_AVAILABILITY = YES_AGGRESSIVE;
				CLANG_WARN_UNREACHABLE_CODE = YES;
				CLANG_WARN__DUPLICATE_METHOD_MATCH = YES;
				COPY_PHASE_STRIP = NO;
				DEBUG_INFORMATION_FORMAT = "dwarf-with-dsym";
				ENABLE_NS_ASSERTIONS = NO;
				ENABLE_STRICT_OBJC_MSGSEND = YES;
				GCC_C_LANGUAGE_STANDARD = gnu11;
				GCC_NO_COMMON_BLOCKS = YES;
				GCC_WARN_64_TO_32_BIT_CONVERSION = YES;
				GCC_WARN_ABOUT_RETURN_TYPE = YES_ERROR;
				GCC_WARN_UNDECLARED_SELECTOR = YES;
				GCC_WARN_UNINITIALIZED_AUTOS = YES_AGGRESSIVE;
				GCC_WARN_UNUSED_FUNCTION = YES;
				GCC_WARN_UNUSED_VARIABLE = YES;
				IPHONEOS_DEPLOYMENT_TARGET = 13.5;
				MTL_ENABLE_DEBUG_INFO = NO;
				MTL_FAST_MATH = YES;
				SDKROOT = iphoneos;
				SWIFT_COMPILATION_MODE = wholemodule;
				SWIFT_OPTIMIZATION_LEVEL = "-O";
				VALIDATE_PRODUCT = YES;
			};
			name = Release;
		};
		6109A54424A1FB610080B339 /* Debug */ = {
			isa = XCBuildConfiguration;
			baseConfigurationReference = 58D449155D749B90DECEF33F /* Pods-HelloLinphone.debug.xcconfig */;
			buildSettings = {
				ASSETCATALOG_COMPILER_APPICON_NAME = AppIcon;
				CODE_SIGN_STYLE = Automatic;
				DEVELOPMENT_ASSET_PATHS = "\"HelloLinphone/Preview Content\"";
				DEVELOPMENT_TEAM = Z2V957B3D6;
				ENABLE_PREVIEWS = YES;
				INFOPLIST_FILE = HelloLinphone/Info.plist;
				LD_RUNPATH_SEARCH_PATHS = (
					"$(inherited)",
					"@executable_path/Frameworks",
				);
				PRODUCT_BUNDLE_IDENTIFIER = belledonne.HelloLinphone;
				PRODUCT_NAME = "$(TARGET_NAME)";
				SWIFT_VERSION = 5.0;
				TARGETED_DEVICE_FAMILY = "1,2";
			};
			name = Debug;
		};
		6109A54524A1FB610080B339 /* Release */ = {
			isa = XCBuildConfiguration;
			baseConfigurationReference = CCABD171CB8B5F0B32B7C819 /* Pods-HelloLinphone.release.xcconfig */;
			buildSettings = {
				ASSETCATALOG_COMPILER_APPICON_NAME = AppIcon;
				CODE_SIGN_STYLE = Automatic;
				DEVELOPMENT_ASSET_PATHS = "\"HelloLinphone/Preview Content\"";
				DEVELOPMENT_TEAM = Z2V957B3D6;
				ENABLE_PREVIEWS = YES;
				INFOPLIST_FILE = HelloLinphone/Info.plist;
				LD_RUNPATH_SEARCH_PATHS = (
					"$(inherited)",
					"@executable_path/Frameworks",
				);
				PRODUCT_BUNDLE_IDENTIFIER = belledonne.HelloLinphone;
				PRODUCT_NAME = "$(TARGET_NAME)";
				SWIFT_VERSION = 5.0;
				TARGETED_DEVICE_FAMILY = "1,2";
			};
			name = Release;
		};
/* End XCBuildConfiguration section */

/* Begin XCConfigurationList section */
		6109A52A24A1FB600080B339 /* Build configuration list for PBXProject "HelloLinphone" */ = {
			isa = XCConfigurationList;
			buildConfigurations = (
				6109A54124A1FB610080B339 /* Debug */,
				6109A54224A1FB610080B339 /* Release */,
			);
			defaultConfigurationIsVisible = 0;
			defaultConfigurationName = Release;
		};
		6109A54324A1FB610080B339 /* Build configuration list for PBXNativeTarget "HelloLinphone" */ = {
			isa = XCConfigurationList;
			buildConfigurations = (
				6109A54424A1FB610080B339 /* Debug */,
				6109A54524A1FB610080B339 /* Release */,
			);
			defaultConfigurationIsVisible = 0;
			defaultConfigurationName = Release;
		};
/* End XCConfigurationList section */
	};
	rootObject = 6109A52724A1FB600080B339 /* Project object */;
}
